{
  "originHash": "253b56452b90e991b161d96eeecf35f9ceca5ba40f2918dee672212aaa26897e",
  "pins": [
    {
      "identity": "leeokit",
      "kind": "remoteSourceControl",
      "location": "https://github.com/M1zz/LeeoKit.git",
      "state": {
        "revision": "6de4fb1a9c519c40f711192814d44299af82985a",
        "version": "3.7.0"
      }
    }
  ],
  "version": 3
}
