// !$*UTF8*$!
{
	archiveVersion = 1;
	classes = {
	};
	objectVersion = 56;
	objects = {

/* Begin PBXBuildFile section */
		5802F4102A2B3C91002825D6 /* ClipboardList.swift in Sources */ = {isa = PBXBuildFile; fileRef = 5802F40F2A2B3C91002825D6 /* ClipboardList.swift */; };
		5802F4132A2B8E08002825D6 /* ShortcutMemoView.swift in Sources */ = {isa = PBXBuildFile; fileRef = 5802F4122A2B8E08002825D6 /* ShortcutMemoView.swift */; };
		580B0D692A30C45E00C7B586 /* FontSetting.swift in Sources */ = {isa = PBXBuildFile; fileRef = 580B0D682A30C45E00C7B586 /* FontSetting.swift */; };
		581550602AD52D6800A6115B /* Localizable.xcstrings in Resources */ = {isa = PBXBuildFile; fileRef = 5815505F2AD52D6800A6115B /* Localizable.xcstrings */; };
		581550612AD52D6800A6115B /* Localizable.xcstrings in Resources */ = {isa = PBXBuildFile; fileRef = 5815505F2AD52D6800A6115B /* Localizable.xcstrings */; };
		581550632AD5321F00A6115B /* Constants.swift in Sources */ = {isa = PBXBuildFile; fileRef = 581550622AD5321F00A6115B /* Constants.swift */; };
		581550642AD5321F00A6115B /* Constants.swift in Sources */ = {isa = PBXBuildFile; fileRef = 581550622AD5321F00A6115B /* Constants.swift */; };
		58338FD62AD1A574002DC753 /* Assets.xcassets in Resources */ = {isa = PBXBuildFile; fileRef = 58C4733F2A109F0E009D87BC /* Assets.xcassets */; };
		585FE9772ACC62A5003A7FF9 /* KeyboardView.swift in Sources */ = {isa = PBXBuildFile; fileRef = 585FE9762ACC62A5003A7FF9 /* KeyboardView.swift */; };
		587B7CE22A264F6400455338 /* CollectionViewCell.swift in Sources */ = {isa = PBXBuildFile; fileRef = 587B7CE12A264F6400455338 /* CollectionViewCell.swift */; };
		587BDC4E2A1D0D40001464E4 /* KeyboardViewController.swift in Sources */ = {isa = PBXBuildFile; fileRef = 587BDC4D2A1D0D40001464E4 /* KeyboardViewController.swift */; };
		587BDC522A1D0D40001464E4 /* TokenKeyboard.appex in Embed Foundation Extensions */ = {isa = PBXBuildFile; fileRef = 587BDC4B2A1D0D40001464E4 /* TokenKeyboard.appex */; settings = {ATTRIBUTES = (RemoveHeadersOnCopy, ); }; };
		587BDC582A1FC852001464E4 /* MemoStore.swift in Sources */ = {isa = PBXBuildFile; fileRef = 58F8FBC02A13C9A400F5446E /* MemoStore.swift */; };
		587BDC592A1FC8BB001464E4 /* Memo.swift in Sources */ = {isa = PBXBuildFile; fileRef = 58F8FBBE2A127D3C00F5446E /* Memo.swift */; };
		58C4733C2A109F0D009D87BC /* Token_memoApp.swift in Sources */ = {isa = PBXBuildFile; fileRef = 58C4733B2A109F0D009D87BC /* Token_memoApp.swift */; };
		58C473402A109F0E009D87BC /* Assets.xcassets in Resources */ = {isa = PBXBuildFile; fileRef = 58C4733F2A109F0E009D87BC /* Assets.xcassets */; };
		58C473432A109F0E009D87BC /* Preview Assets.xcassets in Resources */ = {isa = PBXBuildFile; fileRef = 58C473422A109F0E009D87BC /* Preview Assets.xcassets */; };
		58C4734D2A109F0E009D87BC /* Token_memoTests.swift in Sources */ = {isa = PBXBuildFile; fileRef = 58C4734C2A109F0E009D87BC /* Token_memoTests.swift */; };
		58C473572A109F0E009D87BC /* Token_memoUITests.swift in Sources */ = {isa = PBXBuildFile; fileRef = 58C473562A109F0E009D87BC /* Token_memoUITests.swift */; };
		58C473592A109F0E009D87BC /* Token_memoUITestsLaunchTests.swift in Sources */ = {isa = PBXBuildFile; fileRef = 58C473582A109F0E009D87BC /* Token_memoUITestsLaunchTests.swift */; };
		58C473662A109FCD009D87BC /* TokenMemoListAS.swift in Sources */ = {isa = PBXBuildFile; fileRef = 58C473652A109FCD009D87BC /* TokenMemoListAS.swift */; };
		58C473692A10C9A0009D87BC /* TokenMemoList.swift in Sources */ = {isa = PBXBuildFile; fileRef = 58C473682A10C9A0009D87BC /* TokenMemoList.swift */; };
		58C7ACB52A2CF1A3003F791F /* SettingView.swift in Sources */ = {isa = PBXBuildFile; fileRef = 58C7ACB42A2CF1A3003F791F /* SettingView.swift */; };
		58C7ACB72A2CF27B003F791F /* TutorialView.swift in Sources */ = {isa = PBXBuildFile; fileRef = 58C7ACB62A2CF27B003F791F /* TutorialView.swift */; };
		58D9D52E2A3B23900086BE1A /* DataManager.swift in Sources */ = {isa = PBXBuildFile; fileRef = 58D9D52D2A3B23900086BE1A /* DataManager.swift */; };
		58D9D5302A3B241F0086BE1A /* ColorfulOnboardingView.swift in Sources */ = {isa = PBXBuildFile; fileRef = 58D9D52F2A3B241F0086BE1A /* ColorfulOnboardingView.swift */; };
		58F8FBBD2A127B3000F5446E /* MemoAdd.swift in Sources */ = {isa = PBXBuildFile; fileRef = 58F8FBBC2A127B3000F5446E /* MemoAdd.swift */; };
		58F8FBBF2A127D3C00F5446E /* Memo.swift in Sources */ = {isa = PBXBuildFile; fileRef = 58F8FBBE2A127D3C00F5446E /* Memo.swift */; };
		58F8FBC12A13C9A400F5446E /* MemoStore.swift in Sources */ = {isa = PBXBuildFile; fileRef = 58F8FBC02A13C9A400F5446E /* MemoStore.swift */; };
		58F8FBC62A1527C300F5446E /* MemoDetail.swift in Sources */ = {isa = PBXBuildFile; fileRef = 58F8FBC52A1527C300F5446E /* MemoDetail.swift */; };
/* End PBXBuildFile section */

/* Begin PBXContainerItemProxy section */
		587BDC502A1D0D40001464E4 /* PBXContainerItemProxy */ = {
			isa = PBXContainerItemProxy;
			containerPortal = 58C473302A109F0C009D87BC /* Project object */;
			proxyType = 1;
			remoteGlobalIDString = 587BDC4A2A1D0D40001464E4;
			remoteInfo = TokenKeyboard;
		};
		58C473492A109F0E009D87BC /* PBXContainerItemProxy */ = {
			isa = PBXContainerItemProxy;
			containerPortal = 58C473302A109F0C009D87BC /* Project object */;
			proxyType = 1;
			remoteGlobalIDString = 58C473372A109F0C009D87BC;
			remoteInfo = "Token memo";
		};
		58C473532A109F0E009D87BC /* PBXContainerItemProxy */ = {
			isa = PBXContainerItemProxy;
			containerPortal = 58C473302A109F0C009D87BC /* Project object */;
			proxyType = 1;
			remoteGlobalIDString = 58C473372A109F0C009D87BC;
			remoteInfo = "Token memo";
		};
/* End PBXContainerItemProxy section */

/* Begin PBXCopyFilesBuildPhase section */
		587BDC392A1A7934001464E4 /* Embed Foundation Extensions */ = {
			isa = PBXCopyFilesBuildPhase;
			buildActionMask = 2147483647;
			dstPath = "";
			dstSubfolderSpec = 13;
			files = (
				587BDC522A1D0D40001464E4 /* TokenKeyboard.appex in Embed Foundation Extensions */,
			);
			name = "Embed Foundation Extensions";
			runOnlyForDeploymentPostprocessing = 0;
		};
/* End PBXCopyFilesBuildPhase section */

/* Begin PBXFileReference section */
		5802F40F2A2B3C91002825D6 /* ClipboardList.swift */ = {isa = PBXFileReference; lastKnownFileType = sourcecode.swift; path = ClipboardList.swift; sourceTree = "<group>"; };
		5802F4122A2B8E08002825D6 /* ShortcutMemoView.swift */ = {isa = PBXFileReference; lastKnownFileType = sourcecode.swift; path = ShortcutMemoView.swift; sourceTree = "<group>"; };
		5802F4142A2B966E002825D6 /* Token-memo-Info.plist */ = {isa = PBXFileReference; lastKnownFileType = text.plist; path = "Token-memo-Info.plist"; sourceTree = SOURCE_ROOT; };
		580B0D682A30C45E00C7B586 /* FontSetting.swift */ = {isa = PBXFileReference; lastKnownFileType = sourcecode.swift; path = FontSetting.swift; sourceTree = "<group>"; };
		5815505F2AD52D6800A6115B /* Localizable.xcstrings */ = {isa = PBXFileReference; lastKnownFileType = text.json.xcstrings; path = Localizable.xcstrings; sourceTree = "<group>"; };
		581550622AD5321F00A6115B /* Constants.swift */ = {isa = PBXFileReference; lastKnownFileType = sourcecode.swift; path = Constants.swift; sourceTree = "<group>"; };
		585FE9762ACC62A5003A7FF9 /* KeyboardView.swift */ = {isa = PBXFileReference; lastKnownFileType = sourcecode.swift; path = KeyboardView.swift; sourceTree = "<group>"; };
		587B7CE12A264F6400455338 /* CollectionViewCell.swift */ = {isa = PBXFileReference; lastKnownFileType = sourcecode.swift; path = CollectionViewCell.swift; sourceTree = "<group>"; };
		587BDC4B2A1D0D40001464E4 /* TokenKeyboard.appex */ = {isa = PBXFileReference; explicitFileType = "wrapper.app-extension"; includeInIndex = 0; path = TokenKeyboard.appex; sourceTree = BUILT_PRODUCTS_DIR; };
		587BDC4D2A1D0D40001464E4 /* KeyboardViewController.swift */ = {isa = PBXFileReference; lastKnownFileType = sourcecode.swift; path = KeyboardViewController.swift; sourceTree = "<group>"; };
		587BDC4F2A1D0D40001464E4 /* Info.plist */ = {isa = PBXFileReference; lastKnownFileType = text.plist.xml; path = Info.plist; sourceTree = "<group>"; };
		587BDC5A2A1FCA10001464E4 /* Token memo.entitlements */ = {isa = PBXFileReference; lastKnownFileType = text.plist.entitlements; path = "Token memo.entitlements"; sourceTree = "<group>"; };
		587BDC5B2A1FCA1B001464E4 /* TokenKeyboard.entitlements */ = {isa = PBXFileReference; lastKnownFileType = text.plist.entitlements; path = TokenKeyboard.entitlements; sourceTree = "<group>"; };
		58C473382A109F0D009D87BC /* Token memo.app */ = {isa = PBXFileReference; explicitFileType = wrapper.application; includeInIndex = 0; path = "Token memo.app"; sourceTree = BUILT_PRODUCTS_DIR; };
		58C4733B2A109F0D009D87BC /* Token_memoApp.swift */ = {isa = PBXFileReference; lastKnownFileType = sourcecode.swift; path = Token_memoApp.swift; sourceTree = "<group>"; };
		58C4733F2A109F0E009D87BC /* Assets.xcassets */ = {isa = PBXFileReference; lastKnownFileType = folder.assetcatalog; path = Assets.xcassets; sourceTree = "<group>"; };
		58C473422A109F0E009D87BC /* Preview Assets.xcassets */ = {isa = PBXFileReference; lastKnownFileType = folder.assetcatalog; path = "Preview Assets.xcassets"; sourceTree = "<group>"; };
		58C473482A109F0E009D87BC /* Token memoTests.xctest */ = {isa = PBXFileReference; explicitFileType = wrapper.cfbundle; includeInIndex = 0; path = "Token memoTests.xctest"; sourceTree = BUILT_PRODUCTS_DIR; };
		58C4734C2A109F0E009D87BC /* Token_memoTests.swift */ = {isa = PBXFileReference; lastKnownFileType = sourcecode.swift; path = Token_memoTests.swift; sourceTree = "<group>"; };
		58C473522A109F0E009D87BC /* Token memoUITests.xctest */ = {isa = PBXFileReference; explicitFileType = wrapper.cfbundle; includeInIndex = 0; path = "Token memoUITests.xctest"; sourceTree = BUILT_PRODUCTS_DIR; };
		58C473562A109F0E009D87BC /* Token_memoUITests.swift */ = {isa = PBXFileReference; lastKnownFileType = sourcecode.swift; path = Token_memoUITests.swift; sourceTree = "<group>"; };
		58C473582A109F0E009D87BC /* Token_memoUITestsLaunchTests.swift */ = {isa = PBXFileReference; lastKnownFileType = sourcecode.swift; path = Token_memoUITestsLaunchTests.swift; sourceTree = "<group>"; };
		58C473652A109FCD009D87BC /* TokenMemoListAS.swift */ = {isa = PBXFileReference; lastKnownFileType = sourcecode.swift; path = TokenMemoListAS.swift; sourceTree = "<group>"; };
		58C473682A10C9A0009D87BC /* TokenMemoList.swift */ = {isa = PBXFileReference; lastKnownFileType = sourcecode.swift; path = TokenMemoList.swift; sourceTree = "<group>"; };
		58C7ACB42A2CF1A3003F791F /* SettingView.swift */ = {isa = PBXFileReference; lastKnownFileType = sourcecode.swift; path = SettingView.swift; sourceTree = "<group>"; };
		58C7ACB62A2CF27B003F791F /* TutorialView.swift */ = {isa = PBXFileReference; lastKnownFileType = sourcecode.swift; path = TutorialView.swift; sourceTree = "<group>"; };
		58D9D52D2A3B23900086BE1A /* DataManager.swift */ = {isa = PBXFileReference; lastKnownFileType = sourcecode.swift; path = DataManager.swift; sourceTree = "<group>"; };
		58D9D52F2A3B241F0086BE1A /* ColorfulOnboardingView.swift */ = {isa = PBXFileReference; lastKnownFileType = sourcecode.swift; path = ColorfulOnboardingView.swift; sourceTree = "<group>"; };
		58F8FBBC2A127B3000F5446E /* MemoAdd.swift */ = {isa = PBXFileReference; lastKnownFileType = sourcecode.swift; path = MemoAdd.swift; sourceTree = "<group>"; };
		58F8FBBE2A127D3C00F5446E /* Memo.swift */ = {isa = PBXFileReference; lastKnownFileType = sourcecode.swift; path = Memo.swift; sourceTree = "<group>"; };
		58F8FBC02A13C9A400F5446E /* MemoStore.swift */ = {isa = PBXFileReference; lastKnownFileType = sourcecode.swift; path = MemoStore.swift; sourceTree = "<group>"; };
		58F8FBC52A1527C300F5446E /* MemoDetail.swift */ = {isa = PBXFileReference; lastKnownFileType = sourcecode.swift; path = MemoDetail.swift; sourceTree = "<group>"; };
/* End PBXFileReference section */

/* Begin PBXFrameworksBuildPhase section */
		587BDC482A1D0D40001464E4 /* Frameworks */ = {
			isa = PBXFrameworksBuildPhase;
			buildActionMask = 2147483647;
			files = (
			);
			runOnlyForDeploymentPostprocessing = 0;
		};
		58C473352A109F0C009D87BC /* Frameworks */ = {
			isa = PBXFrameworksBuildPhase;
			buildActionMask = 2147483647;
			files = (
			);
			runOnlyForDeploymentPostprocessing = 0;
		};
		58C473452A109F0E009D87BC /* Frameworks */ = {
			isa = PBXFrameworksBuildPhase;
			buildActionMask = 2147483647;
			files = (
			);
			runOnlyForDeploymentPostprocessing = 0;
		};
		58C4734F2A109F0E009D87BC /* Frameworks */ = {
			isa = PBXFrameworksBuildPhase;
			buildActionMask = 2147483647;
			files = (
			);
			runOnlyForDeploymentPostprocessing = 0;
		};
/* End PBXFrameworksBuildPhase section */

/* Begin PBXGroup section */
		5802F4112A2B42D3002825D6 /* Component */ = {
			isa = PBXGroup;
			children = (
				5802F4122A2B8E08002825D6 /* ShortcutMemoView.swift */,
			);
			path = Component;
			sourceTree = "<group>";
		};
		587BDC4C2A1D0D40001464E4 /* TokenKeyboard */ = {
			isa = PBXGroup;
			children = (
				587BDC5B2A1FCA1B001464E4 /* TokenKeyboard.entitlements */,
				587BDC4D2A1D0D40001464E4 /* KeyboardViewController.swift */,
				585FE9762ACC62A5003A7FF9 /* KeyboardView.swift */,
				587B7CE12A264F6400455338 /* CollectionViewCell.swift */,
				587BDC4F2A1D0D40001464E4 /* Info.plist */,
			);
			path = TokenKeyboard;
			sourceTree = "<group>";
		};
		58C4732F2A109F0C009D87BC = {
			isa = PBXGroup;
			children = (
				58C4733A2A109F0D009D87BC /* Token memo */,
				587BDC4C2A1D0D40001464E4 /* TokenKeyboard */,
				58C4734B2A109F0E009D87BC /* Token memoTests */,
				58C473552A109F0E009D87BC /* Token memoUITests */,
				58C473392A109F0D009D87BC /* Products */,
			);
			sourceTree = "<group>";
		};
		58C473392A109F0D009D87BC /* Products */ = {
			isa = PBXGroup;
			children = (
				58C473382A109F0D009D87BC /* Token memo.app */,
				58C473482A109F0E009D87BC /* Token memoTests.xctest */,
				58C473522A109F0E009D87BC /* Token memoUITests.xctest */,
				587BDC4B2A1D0D40001464E4 /* TokenKeyboard.appex */,
			);
			name = Products;
			sourceTree = "<group>";
		};
		58C4733A2A109F0D009D87BC /* Token memo */ = {
			isa = PBXGroup;
			children = (
				5802F4142A2B966E002825D6 /* Token-memo-Info.plist */,
				587BDC5A2A1FCA10001464E4 /* Token memo.entitlements */,
				58D9D52C2A3B237D0086BE1A /* Manager */,
				58F8FBC42A15278100F5446E /* Screens */,
				58F8FBC32A15277700F5446E /* Service */,
				58F8FBC22A15276400F5446E /* Model */,
				58C473672A10A787009D87BC /* Temp */,
				58C4733B2A109F0D009D87BC /* Token_memoApp.swift */,
				58C4733F2A109F0E009D87BC /* Assets.xcassets */,
				58C473412A109F0E009D87BC /* Preview Content */,
				5815505F2AD52D6800A6115B /* Localizable.xcstrings */,
				581550622AD5321F00A6115B /* Constants.swift */,
			);
			path = "Token memo";
			sourceTree = "<group>";
		};
		58C473412A109F0E009D87BC /* Preview Content */ = {
			isa = PBXGroup;
			children = (
				58C473422A109F0E009D87BC /* Preview Assets.xcassets */,
			);
			path = "Preview Content";
			sourceTree = "<group>";
		};
		58C4734B2A109F0E009D87BC /* Token memoTests */ = {
			isa = PBXGroup;
			children = (
				58C4734C2A109F0E009D87BC /* Token_memoTests.swift */,
			);
			path = "Token memoTests";
			sourceTree = "<group>";
		};
		58C473552A109F0E009D87BC /* Token memoUITests */ = {
			isa = PBXGroup;
			children = (
				58C473562A109F0E009D87BC /* Token_memoUITests.swift */,
				58C473582A109F0E009D87BC /* Token_memoUITestsLaunchTests.swift */,
			);
			path = "Token memoUITests";
			sourceTree = "<group>";
		};
		58C473672A10A787009D87BC /* Temp */ = {
			isa = PBXGroup;
			children = (
				58C473652A109FCD009D87BC /* TokenMemoListAS.swift */,
			);
			path = Temp;
			sourceTree = "<group>";
		};
		58D9D52C2A3B237D0086BE1A /* Manager */ = {
			isa = PBXGroup;
			children = (
				58D9D52D2A3B23900086BE1A /* DataManager.swift */,
			);
			path = Manager;
			sourceTree = "<group>";
		};
		58F8FBC22A15276400F5446E /* Model */ = {
			isa = PBXGroup;
			children = (
				58F8FBBE2A127D3C00F5446E /* Memo.swift */,
			);
			path = Model;
			sourceTree = "<group>";
		};
		58F8FBC32A15277700F5446E /* Service */ = {
			isa = PBXGroup;
			children = (
				58F8FBC02A13C9A400F5446E /* MemoStore.swift */,
			);
			path = Service;
			sourceTree = "<group>";
		};
		58F8FBC42A15278100F5446E /* Screens */ = {
			isa = PBXGroup;
			children = (
				5802F4112A2B42D3002825D6 /* Component */,
				58C473682A10C9A0009D87BC /* TokenMemoList.swift */,
				5802F40F2A2B3C91002825D6 /* ClipboardList.swift */,
				58F8FBBC2A127B3000F5446E /* MemoAdd.swift */,
				58F8FBC52A1527C300F5446E /* MemoDetail.swift */,
				58C7ACB42A2CF1A3003F791F /* SettingView.swift */,
				58C7ACB62A2CF27B003F791F /* TutorialView.swift */,
				580B0D682A30C45E00C7B586 /* FontSetting.swift */,
				58D9D52F2A3B241F0086BE1A /* ColorfulOnboardingView.swift */,
			);
			path = Screens;
			sourceTree = "<group>";
		};
/* End PBXGroup section */

/* Begin PBXNativeTarget section */
		587BDC4A2A1D0D40001464E4 /* TokenKeyboard */ = {
			isa = PBXNativeTarget;
			buildConfigurationList = 587BDC532A1D0D40001464E4 /* Build configuration list for PBXNativeTarget "TokenKeyboard" */;
			buildPhases = (
				587BDC472A1D0D40001464E4 /* Sources */,
				587BDC482A1D0D40001464E4 /* Frameworks */,
				587BDC492A1D0D40001464E4 /* Resources */,
			);
			buildRules = (
			);
			dependencies = (
			);
			name = TokenKeyboard;
			productName = TokenKeyboard;
			productReference = 587BDC4B2A1D0D40001464E4 /* TokenKeyboard.appex */;
			productType = "com.apple.product-type.app-extension";
		};
		58C473372A109F0C009D87BC /* Token memo */ = {
			isa = PBXNativeTarget;
			buildConfigurationList = 58C4735C2A109F0E009D87BC /* Build configuration list for PBXNativeTarget "Token memo" */;
			buildPhases = (
				58C473342A109F0C009D87BC /* Sources */,
				58C473352A109F0C009D87BC /* Frameworks */,
				58C473362A109F0C009D87BC /* Resources */,
				587BDC392A1A7934001464E4 /* Embed Foundation Extensions */,
			);
			buildRules = (
			);
			dependencies = (
				587BDC512A1D0D40001464E4 /* PBXTargetDependency */,
			);
			name = "Token memo";
			productName = "Token memo";
			productReference = 58C473382A109F0D009D87BC /* Token memo.app */;
			productType = "com.apple.product-type.application";
		};
		58C473472A109F0E009D87BC /* Token memoTests */ = {
			isa = PBXNativeTarget;
			buildConfigurationList = 58C4735F2A109F0E009D87BC /* Build configuration list for PBXNativeTarget "Token memoTests" */;
			buildPhases = (
				58C473442A109F0E009D87BC /* Sources */,
				58C473452A109F0E009D87BC /* Frameworks */,
				58C473462A109F0E009D87BC /* Resources */,
			);
			buildRules = (
			);
			dependencies = (
				58C4734A2A109F0E009D87BC /* PBXTargetDependency */,
			);
			name = "Token memoTests";
			productName = "Token memoTests";
			productReference = 58C473482A109F0E009D87BC /* Token memoTests.xctest */;
			productType = "com.apple.product-type.bundle.unit-test";
		};
		58C473512A109F0E009D87BC /* Token memoUITests */ = {
			isa = PBXNativeTarget;
			buildConfigurationList = 58C473622A109F0E009D87BC /* Build configuration list for PBXNativeTarget "Token memoUITests" */;
			buildPhases = (
				58C4734E2A109F0E009D87BC /* Sources */,
				58C4734F2A109F0E009D87BC /* Frameworks */,
				58C473502A109F0E009D87BC /* Resources */,
			);
			buildRules = (
			);
			dependencies = (
				58C473542A109F0E009D87BC /* PBXTargetDependency */,
			);
			name = "Token memoUITests";
			productName = "Token memoUITests";
			productReference = 58C473522A109F0E009D87BC /* Token memoUITests.xctest */;
			productType = "com.apple.product-type.bundle.ui-testing";
		};
/* End PBXNativeTarget section */

/* Begin PBXProject section */
		58C473302A109F0C009D87BC /* Project object */ = {
			isa = PBXProject;
			attributes = {
				BuildIndependentTargetsInParallel = 1;
				LastSwiftUpdateCheck = 1430;
				LastUpgradeCheck = 1430;
				TargetAttributes = {
					587BDC4A2A1D0D40001464E4 = {
						CreatedOnToolsVersion = 14.3;
					};
					58C473372A109F0C009D87BC = {
						CreatedOnToolsVersion = 14.3;
					};
					58C473472A109F0E009D87BC = {
						CreatedOnToolsVersion = 14.3;
						TestTargetID = 58C473372A109F0C009D87BC;
					};
					58C473512A109F0E009D87BC = {
						CreatedOnToolsVersion = 14.3;
						TestTargetID = 58C473372A109F0C009D87BC;
					};
				};
			};
			buildConfigurationList = 58C473332A109F0C009D87BC /* Build configuration list for PBXProject "Token memo" */;
			compatibilityVersion = "Xcode 14.0";
			developmentRegion = ko;
			hasScannedForEncodings = 0;
			knownRegions = (
				en,
				Base,
				ko,
			);
			mainGroup = 58C4732F2A109F0C009D87BC;
			productRefGroup = 58C473392A109F0D009D87BC /* Products */;
			projectDirPath = "";
			projectRoot = "";
			targets = (
				58C473372A109F0C009D87BC /* Token memo */,
				58C473472A109F0E009D87BC /* Token memoTests */,
				58C473512A109F0E009D87BC /* Token memoUITests */,
				587BDC4A2A1D0D40001464E4 /* TokenKeyboard */,
			);
		};
/* End PBXProject section */

/* Begin PBXResourcesBuildPhase section */
		587BDC492A1D0D40001464E4 /* Resources */ = {
			isa = PBXResourcesBuildPhase;
			buildActionMask = 2147483647;
			files = (
				581550612AD52D6800A6115B /* Localizable.xcstrings in Resources */,
				58338FD62AD1A574002DC753 /* Assets.xcassets in Resources */,
			);
			runOnlyForDeploymentPostprocessing = 0;
		};
		58C473362A109F0C009D87BC /* Resources */ = {
			isa = PBXResourcesBuildPhase;
			buildActionMask = 2147483647;
			files = (
				58C473432A109F0E009D87BC /* Preview Assets.xcassets in Resources */,
				58C473402A109F0E009D87BC /* Assets.xcassets in Resources */,
				581550602AD52D6800A6115B /* Localizable.xcstrings in Resources */,
			);
			runOnlyForDeploymentPostprocessing = 0;
		};
		58C473462A109F0E009D87BC /* Resources */ = {
			isa = PBXResourcesBuildPhase;
			buildActionMask = 2147483647;
			files = (
			);
			runOnlyForDeploymentPostprocessing = 0;
		};
		58C473502A109F0E009D87BC /* Resources */ = {
			isa = PBXResourcesBuildPhase;
			buildActionMask = 2147483647;
			files = (
			);
			runOnlyForDeploymentPostprocessing = 0;
		};
/* End PBXResourcesBuildPhase section */

/* Begin PBXSourcesBuildPhase section */
		587BDC472A1D0D40001464E4 /* Sources */ = {
			isa = PBXSourcesBuildPhase;
			buildActionMask = 2147483647;
			files = (
				587BDC592A1FC8BB001464E4 /* Memo.swift in Sources */,
				587BDC4E2A1D0D40001464E4 /* KeyboardViewController.swift in Sources */,
				587B7CE22A264F6400455338 /* CollectionViewCell.swift in Sources */,
				587BDC582A1FC852001464E4 /* MemoStore.swift in Sources */,
				581550642AD5321F00A6115B /* Constants.swift in Sources */,
				585FE9772ACC62A5003A7FF9 /* KeyboardView.swift in Sources */,
			);
			runOnlyForDeploymentPostprocessing = 0;
		};
		58C473342A109F0C009D87BC /* Sources */ = {
			isa = PBXSourcesBuildPhase;
			buildActionMask = 2147483647;
			files = (
				58C4733C2A109F0D009D87BC /* Token_memoApp.swift in Sources */,
				580B0D692A30C45E00C7B586 /* FontSetting.swift in Sources */,
				58C7ACB52A2CF1A3003F791F /* SettingView.swift in Sources */,
				58D9D5302A3B241F0086BE1A /* ColorfulOnboardingView.swift in Sources */,
				58F8FBC12A13C9A400F5446E /* MemoStore.swift in Sources */,
				5802F4102A2B3C91002825D6 /* ClipboardList.swift in Sources */,
				5802F4132A2B8E08002825D6 /* ShortcutMemoView.swift in Sources */,
				58C473662A109FCD009D87BC /* TokenMemoListAS.swift in Sources */,
				58F8FBC62A1527C300F5446E /* MemoDetail.swift in Sources */,
				58C7ACB72A2CF27B003F791F /* TutorialView.swift in Sources */,
				581550632AD5321F00A6115B /* Constants.swift in Sources */,
				58C473692A10C9A0009D87BC /* TokenMemoList.swift in Sources */,
				58F8FBBD2A127B3000F5446E /* MemoAdd.swift in Sources */,
				58D9D52E2A3B23900086BE1A /* DataManager.swift in Sources */,
				58F8FBBF2A127D3C00F5446E /* Memo.swift in Sources */,
			);
			runOnlyForDeploymentPostprocessing = 0;
		};
		58C473442A109F0E009D87BC /* Sources */ = {
			isa = PBXSourcesBuildPhase;
			buildActionMask = 2147483647;
			files = (
				58C4734D2A109F0E009D87BC /* Token_memoTests.swift in Sources */,
			);
			runOnlyForDeploymentPostprocessing = 0;
		};
		58C4734E2A109F0E009D87BC /* Sources */ = {
			isa = PBXSourcesBuildPhase;
			buildActionMask = 2147483647;
			files = (
				58C473592A109F0E009D87BC /* Token_memoUITestsLaunchTests.swift in Sources */,
				58C473572A109F0E009D87BC /* Token_memoUITests.swift in Sources */,
			);
			runOnlyForDeploymentPostprocessing = 0;
		};
/* End PBXSourcesBuildPhase section */

/* Begin PBXTargetDependency section */
		587BDC512A1D0D40001464E4 /* PBXTargetDependency */ = {
			isa = PBXTargetDependency;
			target = 587BDC4A2A1D0D40001464E4 /* TokenKeyboard */;
			targetProxy = 587BDC502A1D0D40001464E4 /* PBXContainerItemProxy */;
		};
		58C4734A2A109F0E009D87BC /* PBXTargetDependency */ = {
			isa = PBXTargetDependency;
			target = 58C473372A109F0C009D87BC /* Token memo */;
			targetProxy = 58C473492A109F0E009D87BC /* PBXContainerItemProxy */;
		};
		58C473542A109F0E009D87BC /* PBXTargetDependency */ = {
			isa = PBXTargetDependency;
			target = 58C473372A109F0C009D87BC /* Token memo */;
			targetProxy = 58C473532A109F0E009D87BC /* PBXContainerItemProxy */;
		};
/* End PBXTargetDependency section */

/* Begin XCBuildConfiguration section */
		587BDC542A1D0D40001464E4 /* Debug */ = {
			isa = XCBuildConfiguration;
			buildSettings = {
				CODE_SIGN_ENTITLEMENTS = TokenKeyboard/TokenKeyboard.entitlements;
				CODE_SIGN_STYLE = Automatic;
				CURRENT_PROJECT_VERSION = 1;
				DEVELOPMENT_TEAM = QGAQ3AY3R3;
				GENERATE_INFOPLIST_FILE = YES;
				INFOPLIST_FILE = TokenKeyboard/Info.plist;
				INFOPLIST_KEY_CFBundleDisplayName = TokenKeyboard;
				INFOPLIST_KEY_NSHumanReadableCopyright = "";
				IPHONEOS_DEPLOYMENT_TARGET = 16.0;
				LD_RUNPATH_SEARCH_PATHS = (
					"$(inherited)",
					"@executable_path/Frameworks",
					"@executable_path/../../Frameworks",
				);
				MARKETING_VERSION = 2.0.11;
				PRODUCT_BUNDLE_IDENTIFIER = com.Ysoup.TokenMemo.TokenKeyboard;
				PRODUCT_NAME = "$(TARGET_NAME)";
				SKIP_INSTALL = YES;
				SWIFT_EMIT_LOC_STRINGS = YES;
				SWIFT_VERSION = 5.0;
				TARGETED_DEVICE_FAMILY = 1;
			};
			name = Debug;
		};
		587BDC552A1D0D40001464E4 /* Release */ = {
			isa = XCBuildConfiguration;
			buildSettings = {
				CODE_SIGN_ENTITLEMENTS = TokenKeyboard/TokenKeyboard.entitlements;
				CODE_SIGN_STYLE = Automatic;
				CURRENT_PROJECT_VERSION = 1;
				DEVELOPMENT_TEAM = QGAQ3AY3R3;
				GENERATE_INFOPLIST_FILE = YES;
				INFOPLIST_FILE = TokenKeyboard/Info.plist;
				INFOPLIST_KEY_CFBundleDisplayName = TokenKeyboard;
				INFOPLIST_KEY_NSHumanReadableCopyright = "";
				IPHONEOS_DEPLOYMENT_TARGET = 16.0;
				LD_RUNPATH_SEARCH_PATHS = (
					"$(inherited)",
					"@executable_path/Frameworks",
					"@executable_path/../../Frameworks",
				);
				MARKETING_VERSION = 2.0.11;
				PRODUCT_BUNDLE_IDENTIFIER = com.Ysoup.TokenMemo.TokenKeyboard;
				PRODUCT_NAME = "$(TARGET_NAME)";
				SKIP_INSTALL = YES;
				SWIFT_EMIT_LOC_STRINGS = YES;
				SWIFT_VERSION = 5.0;
				TARGETED_DEVICE_FAMILY = 1;
			};
			name = Release;
		};
		58C4735A2A109F0E009D87BC /* Debug */ = {
			isa = XCBuildConfiguration;
			buildSettings = {
				ALWAYS_SEARCH_USER_PATHS = NO;
				CLANG_ANALYZER_NONNULL = YES;
				CLANG_ANALYZER_NUMBER_OBJECT_CONVERSION = YES_AGGRESSIVE;
				CLANG_CXX_LANGUAGE_STANDARD = "gnu++20";
				CLANG_ENABLE_MODULES = YES;
				CLANG_ENABLE_OBJC_ARC = YES;
				CLANG_ENABLE_OBJC_WEAK = YES;
				CLANG_WARN_BLOCK_CAPTURE_AUTORELEASING = YES;
				CLANG_WARN_BOOL_CONVERSION = YES;
				CLANG_WARN_COMMA = YES;
				CLANG_WARN_CONSTANT_CONVERSION = YES;
				CLANG_WARN_DEPRECATED_OBJC_IMPLEMENTATIONS = YES;
				CLANG_WARN_DIRECT_OBJC_ISA_USAGE = YES_ERROR;
				CLANG_WARN_DOCUMENTATION_COMMENTS = YES;
				CLANG_WARN_EMPTY_BODY = YES;
				CLANG_WARN_ENUM_CONVERSION = YES;
				CLANG_WARN_INFINITE_RECURSION = YES;
				CLANG_WARN_INT_CONVERSION = YES;
				CLANG_WARN_NON_LITERAL_NULL_CONVERSION = YES;
				CLANG_WARN_OBJC_IMPLICIT_RETAIN_SELF = YES;
				CLANG_WARN_OBJC_LITERAL_CONVERSION = YES;
				CLANG_WARN_OBJC_ROOT_CLASS = YES_ERROR;
				CLANG_WARN_QUOTED_INCLUDE_IN_FRAMEWORK_HEADER = YES;
				CLANG_WARN_RANGE_LOOP_ANALYSIS = YES;
				CLANG_WARN_STRICT_PROTOTYPES = YES;
				CLANG_WARN_SUSPICIOUS_MOVE = YES;
				CLANG_WARN_UNGUARDED_AVAILABILITY = YES_AGGRESSIVE;
				CLANG_WARN_UNREACHABLE_CODE = YES;
				CLANG_WARN__DUPLICATE_METHOD_MATCH = YES;
				COPY_PHASE_STRIP = NO;
				DEBUG_INFORMATION_FORMAT = dwarf;
				ENABLE_STRICT_OBJC_MSGSEND = YES;
				ENABLE_TESTABILITY = YES;
				GCC_C_LANGUAGE_STANDARD = gnu11;
				GCC_DYNAMIC_NO_PIC = NO;
				GCC_NO_COMMON_BLOCKS = YES;
				GCC_OPTIMIZATION_LEVEL = 0;
				GCC_PREPROCESSOR_DEFINITIONS = (
					"DEBUG=1",
					"$(inherited)",
				);
				GCC_WARN_64_TO_32_BIT_CONVERSION = YES;
				GCC_WARN_ABOUT_RETURN_TYPE = YES_ERROR;
				GCC_WARN_UNDECLARED_SELECTOR = YES;
				GCC_WARN_UNINITIALIZED_AUTOS = YES_AGGRESSIVE;
				GCC_WARN_UNUSED_FUNCTION = YES;
				GCC_WARN_UNUSED_VARIABLE = YES;
				IPHONEOS_DEPLOYMENT_TARGET = 16.0;
				MTL_ENABLE_DEBUG_INFO = INCLUDE_SOURCE;
				MTL_FAST_MATH = YES;
				ONLY_ACTIVE_ARCH = YES;
				SDKROOT = iphoneos;
				SWIFT_ACTIVE_COMPILATION_CONDITIONS = DEBUG;
				SWIFT_OPTIMIZATION_LEVEL = "-Onone";
			};
			name = Debug;
		};
		58C4735B2A109F0E009D87BC /* Release */ = {
			isa = XCBuildConfiguration;
			buildSettings = {
				ALWAYS_SEARCH_USER_PATHS = NO;
				CLANG_ANALYZER_NONNULL = YES;
				CLANG_ANALYZER_NUMBER_OBJECT_CONVERSION = YES_AGGRESSIVE;
				CLANG_CXX_LANGUAGE_STANDARD = "gnu++20";
				CLANG_ENABLE_MODULES = YES;
				CLANG_ENABLE_OBJC_ARC = YES;
				CLANG_ENABLE_OBJC_WEAK = YES;
				CLANG_WARN_BLOCK_CAPTURE_AUTORELEASING = YES;
				CLANG_WARN_BOOL_CONVERSION = YES;
				CLANG_WARN_COMMA = YES;
				CLANG_WARN_CONSTANT_CONVERSION = YES;
				CLANG_WARN_DEPRECATED_OBJC_IMPLEMENTATIONS = YES;
				CLANG_WARN_DIRECT_OBJC_ISA_USAGE = YES_ERROR;
				CLANG_WARN_DOCUMENTATION_COMMENTS = YES;
				CLANG_WARN_EMPTY_BODY = YES;
				CLANG_WARN_ENUM_CONVERSION = YES;
				CLANG_WARN_INFINITE_RECURSION = YES;
				CLANG_WARN_INT_CONVERSION = YES;
				CLANG_WARN_NON_LITERAL_NULL_CONVERSION = YES;
				CLANG_WARN_OBJC_IMPLICIT_RETAIN_SELF = YES;
				CLANG_WARN_OBJC_LITERAL_CONVERSION = YES;
				CLANG_WARN_OBJC_ROOT_CLASS = YES_ERROR;
				CLANG_WARN_QUOTED_INCLUDE_IN_FRAMEWORK_HEADER = YES;
				CLANG_WARN_RANGE_LOOP_ANALYSIS = YES;
				CLANG_WARN_STRICT_PROTOTYPES = YES;
				CLANG_WARN_SUSPICIOUS_MOVE = YES;
				CLANG_WARN_UNGUARDED_AVAILABILITY = YES_AGGRESSIVE;
				CLANG_WARN_UNREACHABLE_CODE = YES;
				CLANG_WARN__DUPLICATE_METHOD_MATCH = YES;
				COPY_PHASE_STRIP = NO;
				DEBUG_INFORMATION_FORMAT = "dwarf-with-dsym";
				ENABLE_NS_ASSERTIONS = NO;
				ENABLE_STRICT_OBJC_MSGSEND = YES;
				GCC_C_LANGUAGE_STANDARD = gnu11;
				GCC_NO_COMMON_BLOCKS = YES;
				GCC_WARN_64_TO_32_BIT_CONVERSION = YES;
				GCC_WARN_ABOUT_RETURN_TYPE = YES_ERROR;
				GCC_WARN_UNDECLARED_SELECTOR = YES;
				GCC_WARN_UNINITIALIZED_AUTOS = YES_AGGRESSIVE;
				GCC_WARN_UNUSED_FUNCTION = YES;
				GCC_WARN_UNUSED_VARIABLE = YES;
				IPHONEOS_DEPLOYMENT_TARGET = 16.0;
				MTL_ENABLE_DEBUG_INFO = NO;
				MTL_FAST_MATH = YES;
				SDKROOT = iphoneos;
				SWIFT_COMPILATION_MODE = wholemodule;
				SWIFT_OPTIMIZATION_LEVEL = "-O";
				VALIDATE_PRODUCT = YES;
			};
			name = Release;
		};
		58C4735D2A109F0E009D87BC /* Debug */ = {
			isa = XCBuildConfiguration;
			buildSettings = {
				ALWAYS_EMBED_SWIFT_STANDARD_LIBRARIES = YES;
				ASSETCATALOG_COMPILER_APPICON_NAME = AppIcon;
				ASSETCATALOG_COMPILER_GLOBAL_ACCENT_COLOR_NAME = AccentColor;
				CODE_SIGN_ENTITLEMENTS = "Token memo/Token memo.entitlements";
				CODE_SIGN_STYLE = Automatic;
				CURRENT_PROJECT_VERSION = 1;
				DEVELOPMENT_ASSET_PATHS = "\"Token memo/Preview Content\"";
				DEVELOPMENT_TEAM = QGAQ3AY3R3;
				ENABLE_PREVIEWS = YES;
				GENERATE_INFOPLIST_FILE = YES;
				INFOPLIST_FILE = "Token-memo-Info.plist";
				INFOPLIST_KEY_CFBundleDisplayName = "Clip Keyboard";
				INFOPLIST_KEY_LSApplicationCategoryType = "public.app-category.productivity";
				INFOPLIST_KEY_UIApplicationSceneManifest_Generation = YES;
				INFOPLIST_KEY_UIApplicationSupportsIndirectInputEvents = YES;
				INFOPLIST_KEY_UILaunchScreen_Generation = YES;
				INFOPLIST_KEY_UISupportedInterfaceOrientations_iPad = "UIInterfaceOrientationPortrait UIInterfaceOrientationPortraitUpsideDown UIInterfaceOrientationLandscapeLeft UIInterfaceOrientationLandscapeRight";
				INFOPLIST_KEY_UISupportedInterfaceOrientations_iPhone = "UIInterfaceOrientationPortrait UIInterfaceOrientationLandscapeLeft UIInterfaceOrientationLandscapeRight";
				IPHONEOS_DEPLOYMENT_TARGET = 16.0;
				LD_RUNPATH_SEARCH_PATHS = (
					"$(inherited)",
					"@executable_path/Frameworks",
				);
				MARKETING_VERSION = 2.0.12;
				PRODUCT_BUNDLE_IDENTIFIER = com.Ysoup.TokenMemo;
				PRODUCT_NAME = "$(TARGET_NAME)";
				SUPPORTED_PLATFORMS = "iphoneos iphonesimulator";
				SUPPORTS_MACCATALYST = NO;
				SUPPORTS_MAC_DESIGNED_FOR_IPHONE_IPAD = NO;
				SUPPORTS_XR_DESIGNED_FOR_IPHONE_IPAD = NO;
				SWIFT_EMIT_LOC_STRINGS = YES;
				SWIFT_VERSION = 5.0;
				TARGETED_DEVICE_FAMILY = "1,2";
			};
			name = Debug;
		};
		58C4735E2A109F0E009D87BC /* Release */ = {
			isa = XCBuildConfiguration;
			buildSettings = {
				ALWAYS_EMBED_SWIFT_STANDARD_LIBRARIES = YES;
				ASSETCATALOG_COMPILER_APPICON_NAME = AppIcon;
				ASSETCATALOG_COMPILER_GLOBAL_ACCENT_COLOR_NAME = AccentColor;
				CODE_SIGN_ENTITLEMENTS = "Token memo/Token memo.entitlements";
				CODE_SIGN_STYLE = Automatic;
				CURRENT_PROJECT_VERSION = 1;
				DEVELOPMENT_ASSET_PATHS = "\"Token memo/Preview Content\"";
				DEVELOPMENT_TEAM = QGAQ3AY3R3;
				ENABLE_PREVIEWS = YES;
				GENERATE_INFOPLIST_FILE = YES;
				INFOPLIST_FILE = "Token-memo-Info.plist";
				INFOPLIST_KEY_CFBundleDisplayName = "Clip Keyboard";
				INFOPLIST_KEY_LSApplicationCategoryType = "public.app-category.productivity";
				INFOPLIST_KEY_UIApplicationSceneManifest_Generation = YES;
				INFOPLIST_KEY_UIApplicationSupportsIndirectInputEvents = YES;
				INFOPLIST_KEY_UILaunchScreen_Generation = YES;
				INFOPLIST_KEY_UISupportedInterfaceOrientations_iPad = "UIInterfaceOrientationPortrait UIInterfaceOrientationPortraitUpsideDown UIInterfaceOrientationLandscapeLeft UIInterfaceOrientationLandscapeRight";
				INFOPLIST_KEY_UISupportedInterfaceOrientations_iPhone = "UIInterfaceOrientationPortrait UIInterfaceOrientationLandscapeLeft UIInterfaceOrientationLandscapeRight";
				IPHONEOS_DEPLOYMENT_TARGET = 16.0;
				LD_RUNPATH_SEARCH_PATHS = (
					"$(inherited)",
					"@executable_path/Frameworks",
				);
				MARKETING_VERSION = 2.0.12;
				PRODUCT_BUNDLE_IDENTIFIER = com.Ysoup.TokenMemo;
				PRODUCT_NAME = "$(TARGET_NAME)";
				SUPPORTED_PLATFORMS = "iphoneos iphonesimulator";
				SUPPORTS_MACCATALYST = NO;
				SUPPORTS_MAC_DESIGNED_FOR_IPHONE_IPAD = NO;
				SUPPORTS_XR_DESIGNED_FOR_IPHONE_IPAD = NO;
				SWIFT_EMIT_LOC_STRINGS = YES;
				SWIFT_VERSION = 5.0;
				TARGETED_DEVICE_FAMILY = "1,2";
			};
			name = Release;
		};
		58C473602A109F0E009D87BC /* Debug */ = {
			isa = XCBuildConfiguration;
			buildSettings = {
				ALWAYS_EMBED_SWIFT_STANDARD_LIBRARIES = YES;
				BUNDLE_LOADER = "$(TEST_HOST)";
				CODE_SIGN_STYLE = Automatic;
				CURRENT_PROJECT_VERSION = 1;
				DEVELOPMENT_TEAM = QGAQ3AY3R3;
				GENERATE_INFOPLIST_FILE = YES;
				IPHONEOS_DEPLOYMENT_TARGET = 16.4;
				MARKETING_VERSION = 2.0.11;
				PRODUCT_BUNDLE_IDENTIFIER = "com.leeo.Token-memoTests";
				PRODUCT_NAME = "$(TARGET_NAME)";
				SWIFT_EMIT_LOC_STRINGS = NO;
				SWIFT_VERSION = 5.0;
				TARGETED_DEVICE_FAMILY = "1,2";
				TEST_HOST = "$(BUILT_PRODUCTS_DIR)/Token memo.app/$(BUNDLE_EXECUTABLE_FOLDER_PATH)/Token memo";
			};
			name = Debug;
		};
		58C473612A109F0E009D87BC /* Release */ = {
			isa = XCBuildConfiguration;
			buildSettings = {
				ALWAYS_EMBED_SWIFT_STANDARD_LIBRARIES = YES;
				BUNDLE_LOADER = "$(TEST_HOST)";
				CODE_SIGN_STYLE = Automatic;
				CURRENT_PROJECT_VERSION = 1;
				DEVELOPMENT_TEAM = QGAQ3AY3R3;
				GENERATE_INFOPLIST_FILE = YES;
				IPHONEOS_DEPLOYMENT_TARGET = 16.4;
				MARKETING_VERSION = 2.0.11;
				PRODUCT_BUNDLE_IDENTIFIER = "com.leeo.Token-memoTests";
				PRODUCT_NAME = "$(TARGET_NAME)";
				SWIFT_EMIT_LOC_STRINGS = NO;
				SWIFT_VERSION = 5.0;
				TARGETED_DEVICE_FAMILY = "1,2";
				TEST_HOST = "$(BUILT_PRODUCTS_DIR)/Token memo.app/$(BUNDLE_EXECUTABLE_FOLDER_PATH)/Token memo";
			};
			name = Release;
		};
		58C473632A109F0E009D87BC /* Debug */ = {
			isa = XCBuildConfiguration;
			buildSettings = {
				ALWAYS_EMBED_SWIFT_STANDARD_LIBRARIES = YES;
				CODE_SIGN_STYLE = Automatic;
				CURRENT_PROJECT_VERSION = 1;
				DEVELOPMENT_TEAM = QGAQ3AY3R3;
				GENERATE_INFOPLIST_FILE = YES;
				MARKETING_VERSION = 2.0.11;
				PRODUCT_BUNDLE_IDENTIFIER = "com.leeo.Token-memoUITests";
				PRODUCT_NAME = "$(TARGET_NAME)";
				SWIFT_EMIT_LOC_STRINGS = NO;
				SWIFT_VERSION = 5.0;
				TARGETED_DEVICE_FAMILY = "1,2";
				TEST_TARGET_NAME = "Token memo";
			};
			name = Debug;
		};
		58C473642A109F0E009D87BC /* Release */ = {
			isa = XCBuildConfiguration;
			buildSettings = {
				ALWAYS_EMBED_SWIFT_STANDARD_LIBRARIES = YES;
				CODE_SIGN_STYLE = Automatic;
				CURRENT_PROJECT_VERSION = 1;
				DEVELOPMENT_TEAM = QGAQ3AY3R3;
				GENERATE_INFOPLIST_FILE = YES;
				MARKETING_VERSION = 2.0.11;
				PRODUCT_BUNDLE_IDENTIFIER = "com.leeo.Token-memoUITests";
				PRODUCT_NAME = "$(TARGET_NAME)";
				SWIFT_EMIT_LOC_STRINGS = NO;
				SWIFT_VERSION = 5.0;
				TARGETED_DEVICE_FAMILY = "1,2";
				TEST_TARGET_NAME = "Token memo";
			};
			name = Release;
		};
/* End XCBuildConfiguration section */

/* Begin XCConfigurationList section */
		587BDC532A1D0D40001464E4 /* Build configuration list for PBXNativeTarget "TokenKeyboard" */ = {
			isa = XCConfigurationList;
			buildConfigurations = (
				587BDC542A1D0D40001464E4 /* Debug */,
				587BDC552A1D0D40001464E4 /* Release */,
			);
			defaultConfigurationIsVisible = 0;
			defaultConfigurationName = Release;
		};
		58C473332A109F0C009D87BC /* Build configuration list for PBXProject "Token memo" */ = {
			isa = XCConfigurationList;
			buildConfigurations = (
				58C4735A2A109F0E009D87BC /* Debug */,
				58C4735B2A109F0E009D87BC /* Release */,
			);
			defaultConfigurationIsVisible = 0;
			defaultConfigurationName = Release;
		};
		58C4735C2A109F0E009D87BC /* Build configuration list for PBXNativeTarget "Token memo" */ = {
			isa = XCConfigurationList;
			buildConfigurations = (
				58C4735D2A109F0E009D87BC /* Debug */,
				58C4735E2A109F0E009D87BC /* Release */,
			);
			defaultConfigurationIsVisible = 0;
			defaultConfigurationName = Release;
		};
		58C4735F2A109F0E009D87BC /* Build configuration list for PBXNativeTarget "Token memoTests" */ = {
			isa = XCConfigurationList;
			buildConfigurations = (
				58C473602A109F0E009D87BC /* Debug */,
				58C473612A109F0E009D87BC /* Release */,
			);
			defaultConfigurationIsVisible = 0;
			defaultConfigurationName = Release;
		};
		58C473622A109F0E009D87BC /* Build configuration list for PBXNativeTarget "Token memoUITests" */ = {
			isa = XCConfigurationList;
			buildConfigurations = (
				58C473632A109F0E009D87BC /* Debug */,
				58C473642A109F0E009D87BC /* Release */,
			);
			defaultConfigurationIsVisible = 0;
			defaultConfigurationName = Release;
		};
/* End XCConfigurationList section */
	};
	rootObject = 58C473302A109F0C009D87BC /* Project object */;
}
